{
  "name": "npm-demo",
  "lockfileVersion": 3,
  "requires": true,
  "packages": {
    "": {
      "name": "npm-demo",
      "dependencies": {
        "@bryllim/workout-guide": "^1.0.0"
      }
    },
    "node_modules/@bryllim/workout-guide": {
      "version": "1.0.0",
      "resolved": "https://registry.npmjs.org/@bryllim/workout-guide/-/workout-guide-1.0.0.tgz",
      "integrity": "sha512-N593OR3vyT/C1sDpdM/UoF5gHUwEAziExxo9Y0awMLyPpCvx8DnIAlOFJ9kHk/TZwhbWN6WoCEASAEX5ZbiIGQ==",
      "license": "SEE LICENSE IN LICENSES.md",
      "engines": {
        "node": ">=18"
      }
    }
  }
}
